
Microsoft Visual Studio Solution File, Format Version 12.00
# Visual Studio Version 17
VisualStudioVersion = 17.10.35122.118
MinimumVisualStudioVersion = 10.0.40219.1
Project("{FAE04EC0-301F-11D3-BF4B-00C04F79EFBC}") = "EPYSLTEXCore.API", "EPYSLTEXCore.API\EPYSLTEXCore.API.csproj", "{3383A36D-E333-43F0-82BD-1FA96163E3BC}"
EndProject
Project("{FAE04EC0-301F-11D3-BF4B-00C04F79EFBC}") = "EPYSLTEXCore.Infrastructure", "EPYSLTEXCore.Infrastructure\EPYSLTEXCore.Infrastructure.csproj", "{615A5427-EC5B-4C2F-8BD4-99F79C115256}"
EndProject
Project("{FAE04EC0-301F-11D3-BF4B-00C04F79EFBC}") = "EPYSLTEXCore.Application", "EPYSLTEXCore.Application\EPYSLTEXCore.Application.csproj", "{15AAD821-C7A2-481C-B2E2-BCD3AF092A19}"
EndProject
Global
	GlobalSection(SolutionConfigurationPlatforms) = preSolution
		Debug|Any CPU = Debug|Any CPU
		Release|Any CPU = Release|Any CPU
	EndGlobalSection
	GlobalSection(ProjectConfigurationPlatforms) = postSolution
		{3383A36D-E333-43F0-82BD-1FA96163E3BC}.Debug|Any CPU.ActiveCfg = Debug|Any CPU
		{3383A36D-E333-43F0-82BD-1FA96163E3BC}.Debug|Any CPU.Build.0 = Debug|Any CPU
		{3383A36D-E333-43F0-82BD-1FA96163E3BC}.Release|Any CPU.ActiveCfg = Release|Any CPU
		{3383A36D-E333-43F0-82BD-1FA96163E3BC}.Release|Any CPU.Build.0 = Release|Any CPU
		{615A5427-EC5B-4C2F-8BD4-99F79C115256}.Debug|Any CPU.ActiveCfg = Debug|Any CPU
		{615A5427-EC5B-4C2F-8BD4-99F79C115256}.Debug|Any CPU.Build.0 = Debug|Any CPU
		{615A5427-EC5B-4C2F-8BD4-99F79C115256}.Release|Any CPU.ActiveCfg = Release|Any CPU
		{615A5427-EC5B-4C2F-8BD4-99F79C115256}.Release|Any CPU.Build.0 = Release|Any CPU
		{15AAD821-C7A2-481C-B2E2-BCD3AF092A19}.Debug|Any CPU.ActiveCfg = Debug|Any CPU
		{15AAD821-C7A2-481C-B2E2-BCD3AF092A19}.Debug|Any CPU.Build.0 = Debug|Any CPU
		{15AAD821-C7A2-481C-B2E2-BCD3AF092A19}.Release|Any CPU.ActiveCfg = Release|Any CPU
		{15AAD821-C7A2-481C-B2E2-BCD3AF092A19}.Release|Any CPU.Build.0 = Release|Any CPU
	EndGlobalSection
	GlobalSection(SolutionProperties) = preSolution
		HideSolutionNode = FALSE
	EndGlobalSection
	GlobalSection(ExtensibilityGlobals) = postSolution
		SolutionGuid = {54129458-02DE-49D4-B8F1-6B9E0CE06A95}
	EndGlobalSection
EndGlobal
